
Microsoft Visual Studio Solution File, Format Version 12.00
# Visual Studio Version 17
VisualStudioVersion = 17.5.33516.290
MinimumVisualStudioVersion = 10.0.40219.1
Project("{FAE04EC0-301F-11D3-BF4B-00C04F79EFBC}") = "selectionSort", "selectionSort\selectionSort.csproj", "{1203AB79-B800-4C03-905D-DB373F8BDFD6}"
EndProject
Project("{FAE04EC0-301F-11D3-BF4B-00C04F79EFBC}") = "bubbleSort", "bubbleSort\bubbleSort.csproj", "{6098EC01-0E7E-433F-BB62-46D346B04C46}"
EndProject
Project("{FAE04EC0-301F-11D3-BF4B-00C04F79EFBC}") = "quickSort", "quickSort\quickSort.csproj", "{C3D5218E-5FF1-4400-98C1-7E17A7C10C3F}"
EndProject
Project("{FAE04EC0-301F-11D3-BF4B-00C04F79EFBC}") = "mergeSort", "mergeSort\mergeSort.csproj", "{D68F39FE-E5FF-43E6-9AC7-E2CDAC6518DE}"
EndProject
Project("{FAE04EC0-301F-11D3-BF4B-00C04F79EFBC}") = "insertionSort", "insertionSort\insertionSort.csproj", "{445AE469-A884-4484-999E-842AC126B67A}"
EndProject
Global
	GlobalSection(SolutionConfigurationPlatforms) = preSolution
		Debug|Any CPU = Debug|Any CPU
		Release|Any CPU = Release|Any CPU
	EndGlobalSection
	GlobalSection(ProjectConfigurationPlatforms) = postSolution
		{1203AB79-B800-4C03-905D-DB373F8BDFD6}.Debug|Any CPU.ActiveCfg = Debug|Any CPU
		{1203AB79-B800-4C03-905D-DB373F8BDFD6}.Debug|Any CPU.Build.0 = Debug|Any CPU
		{1203AB79-B800-4C03-905D-DB373F8BDFD6}.Release|Any CPU.ActiveCfg = Release|Any CPU
		{1203AB79-B800-4C03-905D-DB373F8BDFD6}.Release|Any CPU.Build.0 = Release|Any CPU
		{6098EC01-0E7E-433F-BB62-46D346B04C46}.Debug|Any CPU.ActiveCfg = Debug|Any CPU
		{6098EC01-0E7E-433F-BB62-46D346B04C46}.Debug|Any CPU.Build.0 = Debug|Any CPU
		{6098EC01-0E7E-433F-BB62-46D346B04C46}.Release|Any CPU.ActiveCfg = Release|Any CPU
		{6098EC01-0E7E-433F-BB62-46D346B04C46}.Release|Any CPU.Build.0 = Release|Any CPU
		{C3D5218E-5FF1-4400-98C1-7E17A7C10C3F}.Debug|Any CPU.ActiveCfg = Debug|Any CPU
		{C3D5218E-5FF1-4400-98C1-7E17A7C10C3F}.Debug|Any CPU.Build.0 = Debug|Any CPU
		{C3D5218E-5FF1-4400-98C1-7E17A7C10C3F}.Release|Any CPU.ActiveCfg = Release|Any CPU
		{C3D5218E-5FF1-4400-98C1-7E17A7C10C3F}.Release|Any CPU.Build.0 = Release|Any CPU
		{D68F39FE-E5FF-43E6-9AC7-E2CDAC6518DE}.Debug|Any CPU.ActiveCfg = Debug|Any CPU
		{D68F39FE-E5FF-43E6-9AC7-E2CDAC6518DE}.Debug|Any CPU.Build.0 = Debug|Any CPU
		{D68F39FE-E5FF-43E6-9AC7-E2CDAC6518DE}.Release|Any CPU.ActiveCfg = Release|Any CPU
		{D68F39FE-E5FF-43E6-9AC7-E2CDAC6518DE}.Release|Any CPU.Build.0 = Release|Any CPU
		{445AE469-A884-4484-999E-842AC126B67A}.Debug|Any CPU.ActiveCfg = Debug|Any CPU
		{445AE469-A884-4484-999E-842AC126B67A}.Debug|Any CPU.Build.0 = Debug|Any CPU
		{445AE469-A884-4484-999E-842AC126B67A}.Release|Any CPU.ActiveCfg = Release|Any CPU
		{445AE469-A884-4484-999E-842AC126B67A}.Release|Any CPU.Build.0 = Release|Any CPU
	EndGlobalSection
	GlobalSection(SolutionProperties) = preSolution
		HideSolutionNode = FALSE
	EndGlobalSection
	GlobalSection(ExtensibilityGlobals) = postSolution
		SolutionGuid = {19DB9A05-1707-413C-BF45-BBE565B2092D}
	EndGlobalSection
EndGlobal
